// !$*UTF8*$!
{
	archiveVersion = 1;
	classes = {
	};
	objectVersion = 56;
	objects = {

/* Begin PBXBuildFile section */
		16FA88602D81D43C0036A7E8 /* OnBoardingView.swift in Sources */ = {isa = PBXBuildFile; fileRef = 16FA885F2D81D4340036A7E8 /* OnBoardingView.swift */; };
		F8010C4E2D64CF80008577A4 /* AddFoodView.swift in Sources */ = {isa = PBXBuildFile; fileRef = F8010C4D2D64CF80008577A4 /* AddFoodView.swift */; };
		F833E1732D4D18BA0035197F /* SettingsView.swift in Sources */ = {isa = PBXBuildFile; fileRef = F833E1722D4D18BA0035197F /* SettingsView.swift */; };
		F833E1752D4D18F00035197F /* HomeView.swift in Sources */ = {isa = PBXBuildFile; fileRef = F833E1742D4D18F00035197F /* HomeView.swift */; };
		F8365CE32D830F35002DF0CF /* CarbHomeView.swift in Sources */ = {isa = PBXBuildFile; fileRef = F8365CE22D830F35002DF0CF /* CarbHomeView.swift */; };
		F848F4C22D67ABE1006FDA20 /* SavedFoodsView.swift in Sources */ = {isa = PBXBuildFile; fileRef = F848F4C12D67ABE1006FDA20 /* SavedFoodsView.swift */; };
		F84918CA2D663AD90082DFF2 /* DataManager.swift in Sources */ = {isa = PBXBuildFile; fileRef = F84918C92D663AD90082DFF2 /* DataManager.swift */; };
		F8632CB32D838CD40055944F /* WelcomeMenuView.swift in Sources */ = {isa = PBXBuildFile; fileRef = F8632CB22D838CD40055944F /* WelcomeMenuView.swift */; };
		F869794F2D8398F900DAB0DD /* Launch Screen.storyboard in Resources */ = {isa = PBXBuildFile; fileRef = F869794E2D8398F900DAB0DD /* Launch Screen.storyboard */; };
		F8ADF6502D52A4D500320CAC /* MealLogEntry.swift in Sources */ = {isa = PBXBuildFile; fileRef = F8ADF64F2D52A4D500320CAC /* MealLogEntry.swift */; };
		F8ADF6522D52A4F800320CAC /* MealLogView.swift in Sources */ = {isa = PBXBuildFile; fileRef = F8ADF6512D52A4F800320CAC /* MealLogView.swift */; };
		F8C159392D525044004477C4 /* Settings.swift in Sources */ = {isa = PBXBuildFile; fileRef = F8C159382D525044004477C4 /* Settings.swift */; };
		F8C1593B2D526424004477C4 /* Item.swift in Sources */ = {isa = PBXBuildFile; fileRef = F8C1593A2D526424004477C4 /* Item.swift */; };
		F8C1593D2D529D8E004477C4 /* Calendar.swift in Sources */ = {isa = PBXBuildFile; fileRef = F8C1593C2D529D8E004477C4 /* Calendar.swift */; };
		F8C1593F2D529DFB004477C4 /* CalendarView.swift in Sources */ = {isa = PBXBuildFile; fileRef = F8C1593E2D529DFB004477C4 /* CalendarView.swift */; };
		F8E6CFAE2D427F1C00EEE39E /* GlucoseFitApp.swift in Sources */ = {isa = PBXBuildFile; fileRef = F8E6CFAD2D427F1C00EEE39E /* GlucoseFitApp.swift */; };
		F8E6CFB02D427F1C00EEE39E /* ContentView.swift in Sources */ = {isa = PBXBuildFile; fileRef = F8E6CFAF2D427F1C00EEE39E /* ContentView.swift */; };
		F8E6CFB42D427F1D00EEE39E /* Assets.xcassets in Resources */ = {isa = PBXBuildFile; fileRef = F8E6CFB32D427F1D00EEE39E /* Assets.xcassets */; };
		F8E6CFB72D427F1D00EEE39E /* Preview Assets.xcassets in Resources */ = {isa = PBXBuildFile; fileRef = F8E6CFB62D427F1D00EEE39E /* Preview Assets.xcassets */; };
		F8F247A32D4D4FB700C9CD9C /* DoseCalculatorView.swift in Sources */ = {isa = PBXBuildFile; fileRef = F8F247A22D4D4FB700C9CD9C /* DoseCalculatorView.swift */; };
		F8F247A52D4D512000C9CD9C /* DoseCalculator.swift in Sources */ = {isa = PBXBuildFile; fileRef = F8F247A42D4D512000C9CD9C /* DoseCalculator.swift */; };
		F8F247A72D4D51E700C9CD9C /* DoseCalculatorViewModel.swift in Sources */ = {isa = PBXBuildFile; fileRef = F8F247A62D4D51E700C9CD9C /* DoseCalculatorViewModel.swift */; };
/* End PBXBuildFile section */

/* Begin PBXFileReference section */
		16FA885F2D81D4340036A7E8 /* OnBoardingView.swift */ = {isa = PBXFileReference; lastKnownFileType = sourcecode.swift; path = OnBoardingView.swift; sourceTree = "<group>"; };
		F8010C4D2D64CF80008577A4 /* AddFoodView.swift */ = {isa = PBXFileReference; lastKnownFileType = sourcecode.swift; path = AddFoodView.swift; sourceTree = "<group>"; };
		F833E1722D4D18BA0035197F /* SettingsView.swift */ = {isa = PBXFileReference; lastKnownFileType = sourcecode.swift; path = SettingsView.swift; sourceTree = "<group>"; };
		F833E1742D4D18F00035197F /* HomeView.swift */ = {isa = PBXFileReference; lastKnownFileType = sourcecode.swift; path = HomeView.swift; sourceTree = "<group>"; };
		F8365CE22D830F35002DF0CF /* CarbHomeView.swift */ = {isa = PBXFileReference; lastKnownFileType = sourcecode.swift; path = CarbHomeView.swift; sourceTree = "<group>"; };
		F848F4C12D67ABE1006FDA20 /* SavedFoodsView.swift */ = {isa = PBXFileReference; lastKnownFileType = sourcecode.swift; path = SavedFoodsView.swift; sourceTree = "<group>"; };
		F84918C92D663AD90082DFF2 /* DataManager.swift */ = {isa = PBXFileReference; lastKnownFileType = sourcecode.swift; path = DataManager.swift; sourceTree = "<group>"; };
		F8632CB22D838CD40055944F /* WelcomeMenuView.swift */ = {isa = PBXFileReference; lastKnownFileType = sourcecode.swift; path = WelcomeMenuView.swift; sourceTree = "<group>"; };
		F869794E2D8398F900DAB0DD /* Launch Screen.storyboard */ = {isa = PBXFileReference; lastKnownFileType = file.storyboard; path = "Launch Screen.storyboard"; sourceTree = "<group>"; };
		F8ADF64F2D52A4D500320CAC /* MealLogEntry.swift */ = {isa = PBXFileReference; lastKnownFileType = sourcecode.swift; path = MealLogEntry.swift; sourceTree = "<group>"; };
		F8ADF6512D52A4F800320CAC /* MealLogView.swift */ = {isa = PBXFileReference; lastKnownFileType = sourcecode.swift; path = MealLogView.swift; sourceTree = "<group>"; };
		F8C159382D525044004477C4 /* Settings.swift */ = {isa = PBXFileReference; lastKnownFileType = sourcecode.swift; path = Settings.swift; sourceTree = "<group>"; };
		F8C1593A2D526424004477C4 /* Item.swift */ = {isa = PBXFileReference; lastKnownFileType = sourcecode.swift; path = Item.swift; sourceTree = "<group>"; };
		F8C1593C2D529D8E004477C4 /* Calendar.swift */ = {isa = PBXFileReference; lastKnownFileType = sourcecode.swift; path = Calendar.swift; sourceTree = "<group>"; };
		F8C1593E2D529DFB004477C4 /* CalendarView.swift */ = {isa = PBXFileReference; lastKnownFileType = sourcecode.swift; path = CalendarView.swift; sourceTree = "<group>"; };
		F8E6CFAA2D427F1C00EEE39E /* GlucoseFit.app */ = {isa = PBXFileReference; explicitFileType = wrapper.application; includeInIndex = 0; path = GlucoseFit.app; sourceTree = BUILT_PRODUCTS_DIR; };
		F8E6CFAD2D427F1C00EEE39E /* GlucoseFitApp.swift */ = {isa = PBXFileReference; lastKnownFileType = sourcecode.swift; path = GlucoseFitApp.swift; sourceTree = "<group>"; };
		F8E6CFAF2D427F1C00EEE39E /* ContentView.swift */ = {isa = PBXFileReference; lastKnownFileType = sourcecode.swift; path = ContentView.swift; sourceTree = "<group>"; };
		F8E6CFB32D427F1D00EEE39E /* Assets.xcassets */ = {isa = PBXFileReference; lastKnownFileType = folder.assetcatalog; path = Assets.xcassets; sourceTree = "<group>"; };
		F8E6CFB62D427F1D00EEE39E /* Preview Assets.xcassets */ = {isa = PBXFileReference; lastKnownFileType = folder.assetcatalog; path = "Preview Assets.xcassets"; sourceTree = "<group>"; };
		F8F247A22D4D4FB700C9CD9C /* DoseCalculatorView.swift */ = {isa = PBXFileReference; lastKnownFileType = sourcecode.swift; path = DoseCalculatorView.swift; sourceTree = "<group>"; };
		F8F247A42D4D512000C9CD9C /* DoseCalculator.swift */ = {isa = PBXFileReference; lastKnownFileType = sourcecode.swift; path = DoseCalculator.swift; sourceTree = "<group>"; };
		F8F247A62D4D51E700C9CD9C /* DoseCalculatorViewModel.swift */ = {isa = PBXFileReference; lastKnownFileType = sourcecode.swift; path = DoseCalculatorViewModel.swift; sourceTree = "<group>"; };
/* End PBXFileReference section */

/* Begin PBXFrameworksBuildPhase section */
		F8E6CFA72D427F1B00EEE39E /* Frameworks */ = {
			isa = PBXFrameworksBuildPhase;
			buildActionMask = 2147483647;
			files = (
			);
			runOnlyForDeploymentPostprocessing = 0;
		};
/* End PBXFrameworksBuildPhase section */

/* Begin PBXGroup section */
		F8E6CFA12D427F1B00EEE39E = {
			isa = PBXGroup;
			children = (
				F84918C92D663AD90082DFF2 /* DataManager.swift */,
				F8E6CFAC2D427F1C00EEE39E /* GlucoseFit */,
				F8E6CFAB2D427F1C00EEE39E /* Products */,
			);
			sourceTree = "<group>";
		};
		F8E6CFAB2D427F1C00EEE39E /* Products */ = {
			isa = PBXGroup;
			children = (
				F8E6CFAA2D427F1C00EEE39E /* GlucoseFit.app */,
			);
			name = Products;
			sourceTree = "<group>";
		};
		F8E6CFAC2D427F1C00EEE39E /* GlucoseFit */ = {
			isa = PBXGroup;
			children = (
				16FA885F2D81D4340036A7E8 /* OnBoardingView.swift */,
				F8E6CFAD2D427F1C00EEE39E /* GlucoseFitApp.swift */,
				F869794E2D8398F900DAB0DD /* Launch Screen.storyboard */,
				F8E6CFAF2D427F1C00EEE39E /* ContentView.swift */,
				F8C1593A2D526424004477C4 /* Item.swift */,
				F8C159382D525044004477C4 /* Settings.swift */,
				F8632CB22D838CD40055944F /* WelcomeMenuView.swift */,
				F833E1722D4D18BA0035197F /* SettingsView.swift */,
				F8F247A22D4D4FB700C9CD9C /* DoseCalculatorView.swift */,
				F8F247A62D4D51E700C9CD9C /* DoseCalculatorViewModel.swift */,
				F8F247A42D4D512000C9CD9C /* DoseCalculator.swift */,
				F8C1593E2D529DFB004477C4 /* CalendarView.swift */,
				F8C1593C2D529D8E004477C4 /* Calendar.swift */,
				F8E6CFB32D427F1D00EEE39E /* Assets.xcassets */,
				F8E6CFB52D427F1D00EEE39E /* Preview Content */,
				F833E1742D4D18F00035197F /* HomeView.swift */,
				F8365CE22D830F35002DF0CF /* CarbHomeView.swift */,
				F8ADF64F2D52A4D500320CAC /* MealLogEntry.swift */,
				F8ADF6512D52A4F800320CAC /* MealLogView.swift */,
				F8010C4D2D64CF80008577A4 /* AddFoodView.swift */,
				F848F4C12D67ABE1006FDA20 /* SavedFoodsView.swift */,
			);
			path = GlucoseFit;
			sourceTree = "<group>";
		};
		F8E6CFB52D427F1D00EEE39E /* Preview Content */ = {
			isa = PBXGroup;
			children = (
				F8E6CFB62D427F1D00EEE39E /* Preview Assets.xcassets */,
			);
			path = "Preview Content";
			sourceTree = "<group>";
		};
/* End PBXGroup section */

/* Begin PBXNativeTarget section */
		F8E6CFA92D427F1B00EEE39E /* GlucoseFit */ = {
			isa = PBXNativeTarget;
			buildConfigurationList = F8E6CFBA2D427F1D00EEE39E /* Build configuration list for PBXNativeTarget "GlucoseFit" */;
			buildPhases = (
				F8E6CFA62D427F1B00EEE39E /* Sources */,
				F8E6CFA72D427F1B00EEE39E /* Frameworks */,
				F8E6CFA82D427F1B00EEE39E /* Resources */,
			);
			buildRules = (
			);
			dependencies = (
			);
			name = GlucoseFit;
			productName = GlucoseFit;
			productReference = F8E6CFAA2D427F1C00EEE39E /* GlucoseFit.app */;
			productType = "com.apple.product-type.application";
		};
/* End PBXNativeTarget section */

/* Begin PBXProject section */
		F8E6CFA22D427F1B00EEE39E /* Project object */ = {
			isa = PBXProject;
			attributes = {
				BuildIndependentTargetsInParallel = 1;
				LastSwiftUpdateCheck = 1540;
				LastUpgradeCheck = 1540;
				TargetAttributes = {
					F8E6CFA92D427F1B00EEE39E = {
						CreatedOnToolsVersion = 15.4;
					};
				};
			};
			buildConfigurationList = F8E6CFA52D427F1B00EEE39E /* Build configuration list for PBXProject "GlucoseFit" */;
			compatibilityVersion = "Xcode 14.0";
			developmentRegion = en;
			hasScannedForEncodings = 0;
			knownRegions = (
				en,
				Base,
			);
			mainGroup = F8E6CFA12D427F1B00EEE39E;
			productRefGroup = F8E6CFAB2D427F1C00EEE39E /* Products */;
			projectDirPath = "";
			projectRoot = "";
			targets = (
				F8E6CFA92D427F1B00EEE39E /* GlucoseFit */,
			);
		};
/* End PBXProject section */

/* Begin PBXResourcesBuildPhase section */
		F8E6CFA82D427F1B00EEE39E /* Resources */ = {
			isa = PBXResourcesBuildPhase;
			buildActionMask = 2147483647;
			files = (
				F869794F2D8398F900DAB0DD /* Launch Screen.storyboard in Resources */,
				F8E6CFB72D427F1D00EEE39E /* Preview Assets.xcassets in Resources */,
				F8E6CFB42D427F1D00EEE39E /* Assets.xcassets in Resources */,
			);
			runOnlyForDeploymentPostprocessing = 0;
		};
/* End PBXResourcesBuildPhase section */

/* Begin PBXSourcesBuildPhase section */
		F8E6CFA62D427F1B00EEE39E /* Sources */ = {
			isa = PBXSourcesBuildPhase;
			buildActionMask = 2147483647;
			files = (
				F8365CE32D830F35002DF0CF /* CarbHomeView.swift in Sources */,
				F8C1593D2D529D8E004477C4 /* Calendar.swift in Sources */,
				F84918CA2D663AD90082DFF2 /* DataManager.swift in Sources */,
				16FA88602D81D43C0036A7E8 /* OnBoardingView.swift in Sources */,
				F8C1593B2D526424004477C4 /* Item.swift in Sources */,
				F8E6CFB02D427F1C00EEE39E /* ContentView.swift in Sources */,
				F8F247A72D4D51E700C9CD9C /* DoseCalculatorViewModel.swift in Sources */,
				F833E1732D4D18BA0035197F /* SettingsView.swift in Sources */,
				F8F247A32D4D4FB700C9CD9C /* DoseCalculatorView.swift in Sources */,
				F8010C4E2D64CF80008577A4 /* AddFoodView.swift in Sources */,
				F848F4C22D67ABE1006FDA20 /* SavedFoodsView.swift in Sources */,
				F8C1593F2D529DFB004477C4 /* CalendarView.swift in Sources */,
				F833E1752D4D18F00035197F /* HomeView.swift in Sources */,
				F8ADF6502D52A4D500320CAC /* MealLogEntry.swift in Sources */,
				F8ADF6522D52A4F800320CAC /* MealLogView.swift in Sources */,
				F8E6CFAE2D427F1C00EEE39E /* GlucoseFitApp.swift in Sources */,
				F8F247A52D4D512000C9CD9C /* DoseCalculator.swift in Sources */,
				F8632CB32D838CD40055944F /* WelcomeMenuView.swift in Sources */,
				F8C159392D525044004477C4 /* Settings.swift in Sources */,
			);
			runOnlyForDeploymentPostprocessing = 0;
		};
/* End PBXSourcesBuildPhase section */

/* Begin XCBuildConfiguration section */
		F8E6CFB82D427F1D00EEE39E /* Debug */ = {
			isa = XCBuildConfiguration;
			buildSettings = {
				ALWAYS_SEARCH_USER_PATHS = NO;
				ASSETCATALOG_COMPILER_GENERATE_SWIFT_ASSET_SYMBOL_EXTENSIONS = YES;
				CLANG_ANALYZER_NONNULL = YES;
				CLANG_ANALYZER_NUMBER_OBJECT_CONVERSION = YES_AGGRESSIVE;
				CLANG_CXX_LANGUAGE_STANDARD = "gnu++20";
				CLANG_ENABLE_MODULES = YES;
				CLANG_ENABLE_OBJC_ARC = YES;
				CLANG_ENABLE_OBJC_WEAK = YES;
				CLANG_WARN_BLOCK_CAPTURE_AUTORELEASING = YES;
				CLANG_WARN_BOOL_CONVERSION = YES;
				CLANG_WARN_COMMA = YES;
				CLANG_WARN_CONSTANT_CONVERSION = YES;
				CLANG_WARN_DEPRECATED_OBJC_IMPLEMENTATIONS = YES;
				CLANG_WARN_DIRECT_OBJC_ISA_USAGE = YES_ERROR;
				CLANG_WARN_DOCUMENTATION_COMMENTS = YES;
				CLANG_WARN_EMPTY_BODY = YES;
				CLANG_WARN_ENUM_CONVERSION = YES;
				CLANG_WARN_INFINITE_RECURSION = YES;
				CLANG_WARN_INT_CONVERSION = YES;
				CLANG_WARN_NON_LITERAL_NULL_CONVERSION = YES;
				CLANG_WARN_OBJC_IMPLICIT_RETAIN_SELF = YES;
				CLANG_WARN_OBJC_LITERAL_CONVERSION = YES;
				CLANG_WARN_OBJC_ROOT_CLASS = YES_ERROR;
				CLANG_WARN_QUOTED_INCLUDE_IN_FRAMEWORK_HEADER = YES;
				CLANG_WARN_RANGE_LOOP_ANALYSIS = YES;
				CLANG_WARN_STRICT_PROTOTYPES = YES;
				CLANG_WARN_SUSPICIOUS_MOVE = YES;
				CLANG_WARN_UNGUARDED_AVAILABILITY = YES_AGGRESSIVE;
				CLANG_WARN_UNREACHABLE_CODE = YES;
				CLANG_WARN__DUPLICATE_METHOD_MATCH = YES;
				COPY_PHASE_STRIP = NO;
				DEBUG_INFORMATION_FORMAT = dwarf;
				ENABLE_STRICT_OBJC_MSGSEND = YES;
				ENABLE_TESTABILITY = YES;
				ENABLE_USER_SCRIPT_SANDBOXING = YES;
				GCC_C_LANGUAGE_STANDARD = gnu17;
				GCC_DYNAMIC_NO_PIC = NO;
				GCC_NO_COMMON_BLOCKS = YES;
				GCC_OPTIMIZATION_LEVEL = 0;
				GCC_PREPROCESSOR_DEFINITIONS = (
					"DEBUG=1",
					"$(inherited)",
				);
				GCC_WARN_64_TO_32_BIT_CONVERSION = YES;
				GCC_WARN_ABOUT_RETURN_TYPE = YES_ERROR;
				GCC_WARN_UNDECLARED_SELECTOR = YES;
				GCC_WARN_UNINITIALIZED_AUTOS = YES_AGGRESSIVE;
				GCC_WARN_UNUSED_FUNCTION = YES;
				GCC_WARN_UNUSED_VARIABLE = YES;
				IPHONEOS_DEPLOYMENT_TARGET = 17.5;
				LOCALIZATION_PREFERS_STRING_CATALOGS = YES;
				MTL_ENABLE_DEBUG_INFO = INCLUDE_SOURCE;
				MTL_FAST_MATH = YES;
				ONLY_ACTIVE_ARCH = YES;
				SDKROOT = iphoneos;
				SWIFT_ACTIVE_COMPILATION_CONDITIONS = "DEBUG $(inherited)";
				SWIFT_OPTIMIZATION_LEVEL = "-Onone";
			};
			name = Debug;
		};
		F8E6CFB92D427F1D00EEE39E /* Release */ = {
			isa = XCBuildConfiguration;
			buildSettings = {
				ALWAYS_SEARCH_USER_PATHS = NO;
				ASSETCATALOG_COMPILER_GENERATE_SWIFT_ASSET_SYMBOL_EXTENSIONS = YES;
				CLANG_ANALYZER_NONNULL = YES;
				CLANG_ANALYZER_NUMBER_OBJECT_CONVERSION = YES_AGGRESSIVE;
				CLANG_CXX_LANGUAGE_STANDARD = "gnu++20";
				CLANG_ENABLE_MODULES = YES;
				CLANG_ENABLE_OBJC_ARC = YES;
				CLANG_ENABLE_OBJC_WEAK = YES;
				CLANG_WARN_BLOCK_CAPTURE_AUTORELEASING = YES;
				CLANG_WARN_BOOL_CONVERSION = YES;
				CLANG_WARN_COMMA = YES;
				CLANG_WARN_CONSTANT_CONVERSION = YES;
				CLANG_WARN_DEPRECATED_OBJC_IMPLEMENTATIONS = YES;
				CLANG_WARN_DIRECT_OBJC_ISA_USAGE = YES_ERROR;
				CLANG_WARN_DOCUMENTATION_COMMENTS = YES;
				CLANG_WARN_EMPTY_BODY = YES;
				CLANG_WARN_ENUM_CONVERSION = YES;
				CLANG_WARN_INFINITE_RECURSION = YES;
				CLANG_WARN_INT_CONVERSION = YES;
				CLANG_WARN_NON_LITERAL_NULL_CONVERSION = YES;
				CLANG_WARN_OBJC_IMPLICIT_RETAIN_SELF = YES;
				CLANG_WARN_OBJC_LITERAL_CONVERSION = YES;
				CLANG_WARN_OBJC_ROOT_CLASS = YES_ERROR;
				CLANG_WARN_QUOTED_INCLUDE_IN_FRAMEWORK_HEADER = YES;
				CLANG_WARN_RANGE_LOOP_ANALYSIS = YES;
				CLANG_WARN_STRICT_PROTOTYPES = YES;
				CLANG_WARN_SUSPICIOUS_MOVE = YES;
				CLANG_WARN_UNGUARDED_AVAILABILITY = YES_AGGRESSIVE;
				CLANG_WARN_UNREACHABLE_CODE = YES;
				CLANG_WARN__DUPLICATE_METHOD_MATCH = YES;
				COPY_PHASE_STRIP = NO;
				DEBUG_INFORMATION_FORMAT = "dwarf-with-dsym";
				ENABLE_NS_ASSERTIONS = NO;
				ENABLE_STRICT_OBJC_MSGSEND = YES;
				ENABLE_USER_SCRIPT_SANDBOXING = YES;
				GCC_C_LANGUAGE_STANDARD = gnu17;
				GCC_NO_COMMON_BLOCKS = YES;
				GCC_WARN_64_TO_32_BIT_CONVERSION = YES;
				GCC_WARN_ABOUT_RETURN_TYPE = YES_ERROR;
				GCC_WARN_UNDECLARED_SELECTOR = YES;
				GCC_WARN_UNINITIALIZED_AUTOS = YES_AGGRESSIVE;
				GCC_WARN_UNUSED_FUNCTION = YES;
				GCC_WARN_UNUSED_VARIABLE = YES;
				IPHONEOS_DEPLOYMENT_TARGET = 17.5;
				LOCALIZATION_PREFERS_STRING_CATALOGS = YES;
				MTL_ENABLE_DEBUG_INFO = NO;
				MTL_FAST_MATH = YES;
				SDKROOT = iphoneos;
				SWIFT_COMPILATION_MODE = wholemodule;
				VALIDATE_PRODUCT = YES;
			};
			name = Release;
		};
		F8E6CFBB2D427F1D00EEE39E /* Debug */ = {
			isa = XCBuildConfiguration;
			buildSettings = {
				ASSETCATALOG_COMPILER_APPICON_NAME = AppIcon;
				ASSETCATALOG_COMPILER_GLOBAL_ACCENT_COLOR_NAME = AccentColor;
				ASSETCATALOG_COMPILER_INCLUDE_ALL_APPICON_ASSETS = YES;
				CODE_SIGN_STYLE = Automatic;
				CURRENT_PROJECT_VERSION = 1;
				DEVELOPMENT_ASSET_PATHS = "\"GlucoseFit/Preview Content\"";
				DEVELOPMENT_TEAM = D45JA5NNCZ;
				ENABLE_PREVIEWS = YES;
				GENERATE_INFOPLIST_FILE = YES;
				INFOPLIST_KEY_LSApplicationCategoryType = "public.app-category.healthcare-fitness";
				INFOPLIST_KEY_UIApplicationSceneManifest_Generation = YES;
				INFOPLIST_KEY_UIApplicationSupportsIndirectInputEvents = YES;
				INFOPLIST_KEY_UILaunchScreen_Generation = YES;
				INFOPLIST_KEY_UILaunchStoryboardName = "Launch Screen.storyboard";
				INFOPLIST_KEY_UISupportedInterfaceOrientations_iPad = "UIInterfaceOrientationPortrait UIInterfaceOrientationPortraitUpsideDown UIInterfaceOrientationLandscapeLeft UIInterfaceOrientationLandscapeRight";
				INFOPLIST_KEY_UISupportedInterfaceOrientations_iPhone = "UIInterfaceOrientationPortrait UIInterfaceOrientationLandscapeLeft UIInterfaceOrientationLandscapeRight";
				LD_RUNPATH_SEARCH_PATHS = (
					"$(inherited)",
					"@executable_path/Frameworks",
				);
				MARKETING_VERSION = 1.0;
				PRODUCT_BUNDLE_IDENTIFIER = com.Fit.GlucoseFit;
				PRODUCT_NAME = "$(TARGET_NAME)";
				SWIFT_EMIT_LOC_STRINGS = YES;
				SWIFT_VERSION = 5.0;
				TARGETED_DEVICE_FAMILY = "1,2";
			};
			name = Debug;
		};
		F8E6CFBC2D427F1D00EEE39E /* Release */ = {
			isa = XCBuildConfiguration;
			buildSettings = {
				ASSETCATALOG_COMPILER_APPICON_NAME = AppIcon;
				ASSETCATALOG_COMPILER_GLOBAL_ACCENT_COLOR_NAME = AccentColor;
				ASSETCATALOG_COMPILER_INCLUDE_ALL_APPICON_ASSETS = YES;
				CODE_SIGN_STYLE = Automatic;
				CURRENT_PROJECT_VERSION = 1;
				DEVELOPMENT_ASSET_PATHS = "\"GlucoseFit/Preview Content\"";
				DEVELOPMENT_TEAM = D45JA5NNCZ;
				ENABLE_PREVIEWS = YES;
				GENERATE_INFOPLIST_FILE = YES;
				INFOPLIST_KEY_LSApplicationCategoryType = "public.app-category.healthcare-fitness";
				INFOPLIST_KEY_UIApplicationSceneManifest_Generation = YES;
				INFOPLIST_KEY_UIApplicationSupportsIndirectInputEvents = YES;
				INFOPLIST_KEY_UILaunchScreen_Generation = YES;
				INFOPLIST_KEY_UILaunchStoryboardName = "Launch Screen.storyboard";
				INFOPLIST_KEY_UISupportedInterfaceOrientations_iPad = "UIInterfaceOrientationPortrait UIInterfaceOrientationPortraitUpsideDown UIInterfaceOrientationLandscapeLeft UIInterfaceOrientationLandscapeRight";
				INFOPLIST_KEY_UISupportedInterfaceOrientations_iPhone = "UIInterfaceOrientationPortrait UIInterfaceOrientationLandscapeLeft UIInterfaceOrientationLandscapeRight";
				LD_RUNPATH_SEARCH_PATHS = (
					"$(inherited)",
					"@executable_path/Frameworks",
				);
				MARKETING_VERSION = 1.0;
				PRODUCT_BUNDLE_IDENTIFIER = com.Fit.GlucoseFit;
				PRODUCT_NAME = "$(TARGET_NAME)";
				SWIFT_EMIT_LOC_STRINGS = YES;
				SWIFT_VERSION = 5.0;
				TARGETED_DEVICE_FAMILY = "1,2";
			};
			name = Release;
		};
/* End XCBuildConfiguration section */

/* Begin XCConfigurationList section */
		F8E6CFA52D427F1B00EEE39E /* Build configuration list for PBXProject "GlucoseFit" */ = {
			isa = XCConfigurationList;
			buildConfigurations = (
				F8E6CFB82D427F1D00EEE39E /* Debug */,
				F8E6CFB92D427F1D00EEE39E /* Release */,
			);
			defaultConfigurationIsVisible = 0;
			defaultConfigurationName = Release;
		};
		F8E6CFBA2D427F1D00EEE39E /* Build configuration list for PBXNativeTarget "GlucoseFit" */ = {
			isa = XCConfigurationList;
			buildConfigurations = (
				F8E6CFBB2D427F1D00EEE39E /* Debug */,
				F8E6CFBC2D427F1D00EEE39E /* Release */,
			);
			defaultConfigurationIsVisible = 0;
			defaultConfigurationName = Release;
		};
/* End XCConfigurationList section */
	};
	rootObject = F8E6CFA22D427F1B00EEE39E /* Project object */;
}
