// !$*UTF8*$!
{
	archiveVersion = 1;
	classes = {
	};
	objectVersion = 70;
	objects = {

/* Begin PBXBuildFile section */
		162E062A2DADF6870011D71B /* IOSMain.swift in Sources */ = {isa = PBXBuildFile; fileRef = 162E06292DADF6830011D71B /* IOSMain.swift */; };
		162E063E2DADF7D20011D71B /* GlucoseFitApp.swift in Sources */ = {isa = PBXBuildFile; fileRef = F8E6CFAD2D427F1C00EEE39E /* GlucoseFitApp.swift */; };
		F84918CA2D663AD90082DFF2 /* DataManager.swift in Sources */ = {isa = PBXBuildFile; fileRef = F84918C92D663AD90082DFF2 /* DataManager.swift */; };
		F869794F2D8398F900DAB0DD /* Launch Screen.storyboard in Resources */ = {isa = PBXBuildFile; fileRef = F869794E2D8398F900DAB0DD /* Launch Screen.storyboard */; };
		F8E6CFAE2D427F1C00EEE39E /* GlucoseFitApp.swift in Sources */ = {isa = PBXBuildFile; fileRef = F8E6CFAD2D427F1C00EEE39E /* GlucoseFitApp.swift */; };
		F8E6CFB42D427F1D00EEE39E /* Assets.xcassets in Resources */ = {isa = PBXBuildFile; fileRef = F8E6CFB32D427F1D00EEE39E /* Assets.xcassets */; };
		F8E6CFB72D427F1D00EEE39E /* Preview Assets.xcassets in Resources */ = {isa = PBXBuildFile; fileRef = F8E6CFB62D427F1D00EEE39E /* Preview Assets.xcassets */; };
/* End PBXBuildFile section */

/* Begin PBXContainerItemProxy section */
		162E060F2DADF4890011D71B /* PBXContainerItemProxy */ = {
			isa = PBXContainerItemProxy;
			containerPortal = F8E6CFA22D427F1B00EEE39E /* Project object */;
			proxyType = 1;
			remoteGlobalIDString = 162E06012DADF4880011D71B;
			remoteInfo = "GlucoseFit Watch App";
		};
		162E06192DADF4890011D71B /* PBXContainerItemProxy */ = {
			isa = PBXContainerItemProxy;
			containerPortal = F8E6CFA22D427F1B00EEE39E /* Project object */;
			proxyType = 1;
			remoteGlobalIDString = 162E06012DADF4880011D71B;
			remoteInfo = "GlucoseFit Watch App";
		};
/* End PBXContainerItemProxy section */

/* Begin PBXFileReference section */
		162E06022DADF4880011D71B /* GlucoseFit Watch App.app */ = {isa = PBXFileReference; explicitFileType = wrapper.application; includeInIndex = 0; path = "GlucoseFit Watch App.app"; sourceTree = BUILT_PRODUCTS_DIR; };
		162E060E2DADF4890011D71B /* GlucoseFit Watch AppTests.xctest */ = {isa = PBXFileReference; explicitFileType = wrapper.cfbundle; includeInIndex = 0; path = "GlucoseFit Watch AppTests.xctest"; sourceTree = BUILT_PRODUCTS_DIR; };
		162E06182DADF4890011D71B /* GlucoseFit Watch AppUITests.xctest */ = {isa = PBXFileReference; explicitFileType = wrapper.cfbundle; includeInIndex = 0; path = "GlucoseFit Watch AppUITests.xctest"; sourceTree = BUILT_PRODUCTS_DIR; };
		162E06292DADF6830011D71B /* IOSMain.swift */ = {isa = PBXFileReference; lastKnownFileType = sourcecode.swift; path = IOSMain.swift; sourceTree = "<group>"; };
		F84918C92D663AD90082DFF2 /* DataManager.swift */ = {isa = PBXFileReference; lastKnownFileType = sourcecode.swift; path = DataManager.swift; sourceTree = "<group>"; };
		F869794E2D8398F900DAB0DD /* Launch Screen.storyboard */ = {isa = PBXFileReference; lastKnownFileType = file.storyboard; path = "Launch Screen.storyboard"; sourceTree = "<group>"; };
		F8E6CFAA2D427F1C00EEE39E /* GlucoseFit.app */ = {isa = PBXFileReference; explicitFileType = wrapper.application; includeInIndex = 0; path = GlucoseFit.app; sourceTree = BUILT_PRODUCTS_DIR; };
		F8E6CFAD2D427F1C00EEE39E /* GlucoseFitApp.swift */ = {isa = PBXFileReference; lastKnownFileType = sourcecode.swift; path = GlucoseFitApp.swift; sourceTree = "<group>"; };
		F8E6CFB32D427F1D00EEE39E /* Assets.xcassets */ = {isa = PBXFileReference; lastKnownFileType = folder.assetcatalog; path = Assets.xcassets; sourceTree = "<group>"; };
		F8E6CFB62D427F1D00EEE39E /* Preview Assets.xcassets */ = {isa = PBXFileReference; lastKnownFileType = folder.assetcatalog; path = "Preview Assets.xcassets"; sourceTree = "<group>"; };
/* End PBXFileReference section */

/* Begin PBXFileSystemSynchronizedBuildFileExceptionSet section */
		162E063F2DADF7D30011D71B /* PBXFileSystemSynchronizedBuildFileExceptionSet */ = {
			isa = PBXFileSystemSynchronizedBuildFileExceptionSet;
			membershipExceptions = (
				MealLogEntry.swift,
				Settings.swift,
			);
			target = 162E06012DADF4880011D71B /* GlucoseFit Watch App */;
		};
/* End PBXFileSystemSynchronizedBuildFileExceptionSet section */

/* Begin PBXFileSystemSynchronizedRootGroup section */
		162E06032DADF4880011D71B /* GlucoseFit Watch App */ = {isa = PBXFileSystemSynchronizedRootGroup; explicitFileTypes = {}; explicitFolders = (); path = "GlucoseFit Watch App"; sourceTree = "<group>"; };
		162E06112DADF4890011D71B /* GlucoseFit Watch AppTests */ = {isa = PBXFileSystemSynchronizedRootGroup; explicitFileTypes = {}; explicitFolders = (); path = "GlucoseFit Watch AppTests"; sourceTree = "<group>"; };
		162E061B2DADF4890011D71B /* GlucoseFit Watch AppUITests */ = {isa = PBXFileSystemSynchronizedRootGroup; explicitFileTypes = {}; explicitFolders = (); path = "GlucoseFit Watch AppUITests"; sourceTree = "<group>"; };
		16512EDA2D8EF1CC00312291 /* UI */ = {isa = PBXFileSystemSynchronizedRootGroup; explicitFileTypes = {}; explicitFolders = (); path = UI; sourceTree = "<group>"; };
		16512EDB2D8EF1F800312291 /* Data */ = {isa = PBXFileSystemSynchronizedRootGroup; exceptions = (162E063F2DADF7D30011D71B /* PBXFileSystemSynchronizedBuildFileExceptionSet */, ); explicitFileTypes = {}; explicitFolders = (); path = Data; sourceTree = "<group>"; };
/* End PBXFileSystemSynchronizedRootGroup section */

/* Begin PBXFrameworksBuildPhase section */
		162E05FF2DADF4880011D71B /* Frameworks */ = {
			isa = PBXFrameworksBuildPhase;
			buildActionMask = 2147483647;
			files = (
			);
			runOnlyForDeploymentPostprocessing = 0;
		};
		162E060B2DADF4890011D71B /* Frameworks */ = {
			isa = PBXFrameworksBuildPhase;
			buildActionMask = 2147483647;
			files = (
			);
			runOnlyForDeploymentPostprocessing = 0;
		};
		162E06152DADF4890011D71B /* Frameworks */ = {
			isa = PBXFrameworksBuildPhase;
			buildActionMask = 2147483647;
			files = (
			);
			runOnlyForDeploymentPostprocessing = 0;
		};
		F8E6CFA72D427F1B00EEE39E /* Frameworks */ = {
			isa = PBXFrameworksBuildPhase;
			buildActionMask = 2147483647;
			files = (
			);
			runOnlyForDeploymentPostprocessing = 0;
		};
/* End PBXFrameworksBuildPhase section */

/* Begin PBXGroup section */
		F8E6CFA12D427F1B00EEE39E = {
			isa = PBXGroup;
			children = (
				F84918C92D663AD90082DFF2 /* DataManager.swift */,
				F8E6CFAC2D427F1C00EEE39E /* GlucoseFit */,
				162E06032DADF4880011D71B /* GlucoseFit Watch App */,
				162E06112DADF4890011D71B /* GlucoseFit Watch AppTests */,
				162E061B2DADF4890011D71B /* GlucoseFit Watch AppUITests */,
				F8E6CFAB2D427F1C00EEE39E /* Products */,
			);
			sourceTree = "<group>";
		};
		F8E6CFAB2D427F1C00EEE39E /* Products */ = {
			isa = PBXGroup;
			children = (
				F8E6CFAA2D427F1C00EEE39E /* GlucoseFit.app */,
				162E06022DADF4880011D71B /* GlucoseFit Watch App.app */,
				162E060E2DADF4890011D71B /* GlucoseFit Watch AppTests.xctest */,
				162E06182DADF4890011D71B /* GlucoseFit Watch AppUITests.xctest */,
			);
			name = Products;
			sourceTree = "<group>";
		};
		F8E6CFAC2D427F1C00EEE39E /* GlucoseFit */ = {
			isa = PBXGroup;
			children = (
				162E06292DADF6830011D71B /* IOSMain.swift */,
				16512EDB2D8EF1F800312291 /* Data */,
				16512EDA2D8EF1CC00312291 /* UI */,
				F8E6CFAD2D427F1C00EEE39E /* GlucoseFitApp.swift */,
				F869794E2D8398F900DAB0DD /* Launch Screen.storyboard */,
				F8E6CFB32D427F1D00EEE39E /* Assets.xcassets */,
				F8E6CFB52D427F1D00EEE39E /* Preview Content */,
			);
			path = GlucoseFit;
			sourceTree = "<group>";
		};
		F8E6CFB52D427F1D00EEE39E /* Preview Content */ = {
			isa = PBXGroup;
			children = (
				F8E6CFB62D427F1D00EEE39E /* Preview Assets.xcassets */,
			);
			path = "Preview Content";
			sourceTree = "<group>";
		};
/* End PBXGroup section */

/* Begin PBXNativeTarget section */
		162E06012DADF4880011D71B /* GlucoseFit Watch App */ = {
			isa = PBXNativeTarget;
			buildConfigurationList = 162E06262DADF4890011D71B /* Build configuration list for PBXNativeTarget "GlucoseFit Watch App" */;
			buildPhases = (
				162E05FE2DADF4880011D71B /* Sources */,
				162E05FF2DADF4880011D71B /* Frameworks */,
				162E06002DADF4880011D71B /* Resources */,
			);
			buildRules = (
			);
			dependencies = (
			);
			fileSystemSynchronizedGroups = (
				162E06032DADF4880011D71B /* GlucoseFit Watch App */,
			);
			name = "GlucoseFit Watch App";
			packageProductDependencies = (
			);
			productName = "GlucoseFit Watch App";
			productReference = 162E06022DADF4880011D71B /* GlucoseFit Watch App.app */;
			productType = "com.apple.product-type.application";
		};
		162E060D2DADF4890011D71B /* GlucoseFit Watch AppTests */ = {
			isa = PBXNativeTarget;
			buildConfigurationList = 162E06272DADF4890011D71B /* Build configuration list for PBXNativeTarget "GlucoseFit Watch AppTests" */;
			buildPhases = (
				162E060A2DADF4890011D71B /* Sources */,
				162E060B2DADF4890011D71B /* Frameworks */,
				162E060C2DADF4890011D71B /* Resources */,
			);
			buildRules = (
			);
			dependencies = (
				162E06102DADF4890011D71B /* PBXTargetDependency */,
			);
			fileSystemSynchronizedGroups = (
				162E06112DADF4890011D71B /* GlucoseFit Watch AppTests */,
			);
			name = "GlucoseFit Watch AppTests";
			packageProductDependencies = (
			);
			productName = "GlucoseFit Watch AppTests";
			productReference = 162E060E2DADF4890011D71B /* GlucoseFit Watch AppTests.xctest */;
			productType = "com.apple.product-type.bundle.unit-test";
		};
		162E06172DADF4890011D71B /* GlucoseFit Watch AppUITests */ = {
			isa = PBXNativeTarget;
			buildConfigurationList = 162E06282DADF4890011D71B /* Build configuration list for PBXNativeTarget "GlucoseFit Watch AppUITests" */;
			buildPhases = (
				162E06142DADF4890011D71B /* Sources */,
				162E06152DADF4890011D71B /* Frameworks */,
				162E06162DADF4890011D71B /* Resources */,
			);
			buildRules = (
			);
			dependencies = (
				162E061A2DADF4890011D71B /* PBXTargetDependency */,
			);
			fileSystemSynchronizedGroups = (
				162E061B2DADF4890011D71B /* GlucoseFit Watch AppUITests */,
			);
			name = "GlucoseFit Watch AppUITests";
			packageProductDependencies = (
			);
			productName = "GlucoseFit Watch AppUITests";
			productReference = 162E06182DADF4890011D71B /* GlucoseFit Watch AppUITests.xctest */;
			productType = "com.apple.product-type.bundle.ui-testing";
		};
		F8E6CFA92D427F1B00EEE39E /* GlucoseFit */ = {
			isa = PBXNativeTarget;
			buildConfigurationList = F8E6CFBA2D427F1D00EEE39E /* Build configuration list for PBXNativeTarget "GlucoseFit" */;
			buildPhases = (
				F8E6CFA62D427F1B00EEE39E /* Sources */,
				F8E6CFA72D427F1B00EEE39E /* Frameworks */,
				F8E6CFA82D427F1B00EEE39E /* Resources */,
			);
			buildRules = (
			);
			dependencies = (
			);
			fileSystemSynchronizedGroups = (
				16512EDA2D8EF1CC00312291 /* UI */,
				16512EDB2D8EF1F800312291 /* Data */,
			);
			name = GlucoseFit;
			productName = GlucoseFit;
			productReference = F8E6CFAA2D427F1C00EEE39E /* GlucoseFit.app */;
			productType = "com.apple.product-type.application";
		};
/* End PBXNativeTarget section */

/* Begin PBXProject section */
		F8E6CFA22D427F1B00EEE39E /* Project object */ = {
			isa = PBXProject;
			attributes = {
				BuildIndependentTargetsInParallel = 1;
				LastSwiftUpdateCheck = 1630;
				LastUpgradeCheck = 1540;
				TargetAttributes = {
					162E06012DADF4880011D71B = {
						CreatedOnToolsVersion = 16.3;
					};
					162E060D2DADF4890011D71B = {
						CreatedOnToolsVersion = 16.3;
						TestTargetID = 162E06012DADF4880011D71B;
					};
					162E06172DADF4890011D71B = {
						CreatedOnToolsVersion = 16.3;
						TestTargetID = 162E06012DADF4880011D71B;
					};
					F8E6CFA92D427F1B00EEE39E = {
						CreatedOnToolsVersion = 15.4;
					};
				};
			};
			buildConfigurationList = F8E6CFA52D427F1B00EEE39E /* Build configuration list for PBXProject "GlucoseFit" */;
			compatibilityVersion = "Xcode 14.0";
			developmentRegion = en;
			hasScannedForEncodings = 0;
			knownRegions = (
				en,
				Base,
			);
			mainGroup = F8E6CFA12D427F1B00EEE39E;
			productRefGroup = F8E6CFAB2D427F1C00EEE39E /* Products */;
			projectDirPath = "";
			projectRoot = "";
			targets = (
				F8E6CFA92D427F1B00EEE39E /* GlucoseFit */,
				162E06012DADF4880011D71B /* GlucoseFit Watch App */,
				162E060D2DADF4890011D71B /* GlucoseFit Watch AppTests */,
				162E06172DADF4890011D71B /* GlucoseFit Watch AppUITests */,
			);
		};
/* End PBXProject section */

/* Begin PBXResourcesBuildPhase section */
		162E06002DADF4880011D71B /* Resources */ = {
			isa = PBXResourcesBuildPhase;
			buildActionMask = 2147483647;
			files = (
			);
			runOnlyForDeploymentPostprocessing = 0;
		};
		162E060C2DADF4890011D71B /* Resources */ = {
			isa = PBXResourcesBuildPhase;
			buildActionMask = 2147483647;
			files = (
			);
			runOnlyForDeploymentPostprocessing = 0;
		};
		162E06162DADF4890011D71B /* Resources */ = {
			isa = PBXResourcesBuildPhase;
			buildActionMask = 2147483647;
			files = (
			);
			runOnlyForDeploymentPostprocessing = 0;
		};
		F8E6CFA82D427F1B00EEE39E /* Resources */ = {
			isa = PBXResourcesBuildPhase;
			buildActionMask = 2147483647;
			files = (
				F869794F2D8398F900DAB0DD /* Launch Screen.storyboard in Resources */,
				F8E6CFB72D427F1D00EEE39E /* Preview Assets.xcassets in Resources */,
				F8E6CFB42D427F1D00EEE39E /* Assets.xcassets in Resources */,
			);
			runOnlyForDeploymentPostprocessing = 0;
		};
/* End PBXResourcesBuildPhase section */

/* Begin PBXSourcesBuildPhase section */
		162E05FE2DADF4880011D71B /* Sources */ = {
			isa = PBXSourcesBuildPhase;
			buildActionMask = 2147483647;
			files = (
				162E063E2DADF7D20011D71B /* GlucoseFitApp.swift in Sources */,
			);
			runOnlyForDeploymentPostprocessing = 0;
		};
		162E060A2DADF4890011D71B /* Sources */ = {
			isa = PBXSourcesBuildPhase;
			buildActionMask = 2147483647;
			files = (
			);
			runOnlyForDeploymentPostprocessing = 0;
		};
		162E06142DADF4890011D71B /* Sources */ = {
			isa = PBXSourcesBuildPhase;
			buildActionMask = 2147483647;
			files = (
			);
			runOnlyForDeploymentPostprocessing = 0;
		};
		F8E6CFA62D427F1B00EEE39E /* Sources */ = {
			isa = PBXSourcesBuildPhase;
			buildActionMask = 2147483647;
			files = (
				162E062A2DADF6870011D71B /* IOSMain.swift in Sources */,
				F84918CA2D663AD90082DFF2 /* DataManager.swift in Sources */,
				F8E6CFAE2D427F1C00EEE39E /* GlucoseFitApp.swift in Sources */,
			);
			runOnlyForDeploymentPostprocessing = 0;
		};
/* End PBXSourcesBuildPhase section */

/* Begin PBXTargetDependency section */
		162E06102DADF4890011D71B /* PBXTargetDependency */ = {
			isa = PBXTargetDependency;
			target = 162E06012DADF4880011D71B /* GlucoseFit Watch App */;
			targetProxy = 162E060F2DADF4890011D71B /* PBXContainerItemProxy */;
		};
		162E061A2DADF4890011D71B /* PBXTargetDependency */ = {
			isa = PBXTargetDependency;
			target = 162E06012DADF4880011D71B /* GlucoseFit Watch App */;
			targetProxy = 162E06192DADF4890011D71B /* PBXContainerItemProxy */;
		};
/* End PBXTargetDependency section */

/* Begin XCBuildConfiguration section */
		162E06202DADF4890011D71B /* Debug */ = {
			isa = XCBuildConfiguration;
			buildSettings = {
				ASSETCATALOG_COMPILER_APPICON_NAME = AppIcon;
				ASSETCATALOG_COMPILER_GLOBAL_ACCENT_COLOR_NAME = AccentColor;
				CODE_SIGN_STYLE = Automatic;
				CURRENT_PROJECT_VERSION = 1;
				ENABLE_PREVIEWS = YES;
				GENERATE_INFOPLIST_FILE = YES;
				INFOPLIST_KEY_CFBundleDisplayName = GlucoseFit;
				INFOPLIST_KEY_UISupportedInterfaceOrientations = "UIInterfaceOrientationPortrait UIInterfaceOrientationPortraitUpsideDown";
				INFOPLIST_KEY_WKCompanionAppBundleIdentifier = "";
				LD_RUNPATH_SEARCH_PATHS = (
					"$(inherited)",
					"@executable_path/Frameworks",
				);
				MARKETING_VERSION = 1.0;
				PRODUCT_BUNDLE_IDENTIFIER = .watchkitapp;
				PRODUCT_NAME = "$(TARGET_NAME)";
				SDKROOT = watchos;
				SKIP_INSTALL = YES;
				SWIFT_EMIT_LOC_STRINGS = YES;
				SWIFT_VERSION = 5.0;
				TARGETED_DEVICE_FAMILY = 4;
				WATCHOS_DEPLOYMENT_TARGET = 11.4;
			};
			name = Debug;
		};
		162E06212DADF4890011D71B /* Release */ = {
			isa = XCBuildConfiguration;
			buildSettings = {
				ASSETCATALOG_COMPILER_APPICON_NAME = AppIcon;
				ASSETCATALOG_COMPILER_GLOBAL_ACCENT_COLOR_NAME = AccentColor;
				CODE_SIGN_STYLE = Automatic;
				CURRENT_PROJECT_VERSION = 1;
				ENABLE_PREVIEWS = YES;
				GENERATE_INFOPLIST_FILE = YES;
				INFOPLIST_KEY_CFBundleDisplayName = GlucoseFit;
				INFOPLIST_KEY_UISupportedInterfaceOrientations = "UIInterfaceOrientationPortrait UIInterfaceOrientationPortraitUpsideDown";
				INFOPLIST_KEY_WKCompanionAppBundleIdentifier = "";
				LD_RUNPATH_SEARCH_PATHS = (
					"$(inherited)",
					"@executable_path/Frameworks",
				);
				MARKETING_VERSION = 1.0;
				PRODUCT_BUNDLE_IDENTIFIER = .watchkitapp;
				PRODUCT_NAME = "$(TARGET_NAME)";
				SDKROOT = watchos;
				SKIP_INSTALL = YES;
				SWIFT_EMIT_LOC_STRINGS = YES;
				SWIFT_VERSION = 5.0;
				TARGETED_DEVICE_FAMILY = 4;
				WATCHOS_DEPLOYMENT_TARGET = 11.4;
			};
			name = Release;
		};
		162E06222DADF4890011D71B /* Debug */ = {
			isa = XCBuildConfiguration;
			buildSettings = {
				BUNDLE_LOADER = "$(TEST_HOST)";
				CODE_SIGN_STYLE = Automatic;
				CURRENT_PROJECT_VERSION = 1;
				GENERATE_INFOPLIST_FILE = YES;
				MARKETING_VERSION = 1.0;
				PRODUCT_BUNDLE_IDENTIFIER = "com.diabetesapp.GlucoseFit-Watch-AppTests";
				PRODUCT_NAME = "$(TARGET_NAME)";
				SDKROOT = watchos;
				SWIFT_EMIT_LOC_STRINGS = NO;
				SWIFT_VERSION = 5.0;
				TARGETED_DEVICE_FAMILY = 4;
				TEST_HOST = "$(BUILT_PRODUCTS_DIR)/GlucoseFit Watch App.app/$(BUNDLE_EXECUTABLE_FOLDER_PATH)/GlucoseFit Watch App";
				WATCHOS_DEPLOYMENT_TARGET = 11.4;
			};
			name = Debug;
		};
		162E06232DADF4890011D71B /* Release */ = {
			isa = XCBuildConfiguration;
			buildSettings = {
				BUNDLE_LOADER = "$(TEST_HOST)";
				CODE_SIGN_STYLE = Automatic;
				CURRENT_PROJECT_VERSION = 1;
				GENERATE_INFOPLIST_FILE = YES;
				MARKETING_VERSION = 1.0;
				PRODUCT_BUNDLE_IDENTIFIER = "com.diabetesapp.GlucoseFit-Watch-AppTests";
				PRODUCT_NAME = "$(TARGET_NAME)";
				SDKROOT = watchos;
				SWIFT_EMIT_LOC_STRINGS = NO;
				SWIFT_VERSION = 5.0;
				TARGETED_DEVICE_FAMILY = 4;
				TEST_HOST = "$(BUILT_PRODUCTS_DIR)/GlucoseFit Watch App.app/$(BUNDLE_EXECUTABLE_FOLDER_PATH)/GlucoseFit Watch App";
				WATCHOS_DEPLOYMENT_TARGET = 11.4;
			};
			name = Release;
		};
		162E06242DADF4890011D71B /* Debug */ = {
			isa = XCBuildConfiguration;
			buildSettings = {
				CODE_SIGN_STYLE = Automatic;
				CURRENT_PROJECT_VERSION = 1;
				GENERATE_INFOPLIST_FILE = YES;
				MARKETING_VERSION = 1.0;
				PRODUCT_BUNDLE_IDENTIFIER = "com.diabetesapp.GlucoseFit-Watch-AppUITests";
				PRODUCT_NAME = "$(TARGET_NAME)";
				SDKROOT = watchos;
				SWIFT_EMIT_LOC_STRINGS = NO;
				SWIFT_VERSION = 5.0;
				TARGETED_DEVICE_FAMILY = 4;
				TEST_TARGET_NAME = "GlucoseFit Watch App";
				WATCHOS_DEPLOYMENT_TARGET = 11.4;
			};
			name = Debug;
		};
		162E06252DADF4890011D71B /* Release */ = {
			isa = XCBuildConfiguration;
			buildSettings = {
				CODE_SIGN_STYLE = Automatic;
				CURRENT_PROJECT_VERSION = 1;
				GENERATE_INFOPLIST_FILE = YES;
				MARKETING_VERSION = 1.0;
				PRODUCT_BUNDLE_IDENTIFIER = "com.diabetesapp.GlucoseFit-Watch-AppUITests";
				PRODUCT_NAME = "$(TARGET_NAME)";
				SDKROOT = watchos;
				SWIFT_EMIT_LOC_STRINGS = NO;
				SWIFT_VERSION = 5.0;
				TARGETED_DEVICE_FAMILY = 4;
				TEST_TARGET_NAME = "GlucoseFit Watch App";
				WATCHOS_DEPLOYMENT_TARGET = 11.4;
			};
			name = Release;
		};
		F8E6CFB82D427F1D00EEE39E /* Debug */ = {
			isa = XCBuildConfiguration;
			buildSettings = {
				ALWAYS_SEARCH_USER_PATHS = NO;
				ASSETCATALOG_COMPILER_GENERATE_SWIFT_ASSET_SYMBOL_EXTENSIONS = YES;
				CLANG_ANALYZER_NONNULL = YES;
				CLANG_ANALYZER_NUMBER_OBJECT_CONVERSION = YES_AGGRESSIVE;
				CLANG_CXX_LANGUAGE_STANDARD = "gnu++20";
				CLANG_ENABLE_MODULES = YES;
				CLANG_ENABLE_OBJC_ARC = YES;
				CLANG_ENABLE_OBJC_WEAK = YES;
				CLANG_WARN_BLOCK_CAPTURE_AUTORELEASING = YES;
				CLANG_WARN_BOOL_CONVERSION = YES;
				CLANG_WARN_COMMA = YES;
				CLANG_WARN_CONSTANT_CONVERSION = YES;
				CLANG_WARN_DEPRECATED_OBJC_IMPLEMENTATIONS = YES;
				CLANG_WARN_DIRECT_OBJC_ISA_USAGE = YES_ERROR;
				CLANG_WARN_DOCUMENTATION_COMMENTS = YES;
				CLANG_WARN_EMPTY_BODY = YES;
				CLANG_WARN_ENUM_CONVERSION = YES;
				CLANG_WARN_INFINITE_RECURSION = YES;
				CLANG_WARN_INT_CONVERSION = YES;
				CLANG_WARN_NON_LITERAL_NULL_CONVERSION = YES;
				CLANG_WARN_OBJC_IMPLICIT_RETAIN_SELF = YES;
				CLANG_WARN_OBJC_LITERAL_CONVERSION = YES;
				CLANG_WARN_OBJC_ROOT_CLASS = YES_ERROR;
				CLANG_WARN_QUOTED_INCLUDE_IN_FRAMEWORK_HEADER = YES;
				CLANG_WARN_RANGE_LOOP_ANALYSIS = YES;
				CLANG_WARN_STRICT_PROTOTYPES = YES;
				CLANG_WARN_SUSPICIOUS_MOVE = YES;
				CLANG_WARN_UNGUARDED_AVAILABILITY = YES_AGGRESSIVE;
				CLANG_WARN_UNREACHABLE_CODE = YES;
				CLANG_WARN__DUPLICATE_METHOD_MATCH = YES;
				COPY_PHASE_STRIP = NO;
				DEBUG_INFORMATION_FORMAT = dwarf;
				ENABLE_STRICT_OBJC_MSGSEND = YES;
				ENABLE_TESTABILITY = YES;
				ENABLE_USER_SCRIPT_SANDBOXING = YES;
				GCC_C_LANGUAGE_STANDARD = gnu17;
				GCC_DYNAMIC_NO_PIC = NO;
				GCC_NO_COMMON_BLOCKS = YES;
				GCC_OPTIMIZATION_LEVEL = 0;
				GCC_PREPROCESSOR_DEFINITIONS = (
					"DEBUG=1",
					"$(inherited)",
				);
				GCC_WARN_64_TO_32_BIT_CONVERSION = YES;
				GCC_WARN_ABOUT_RETURN_TYPE = YES_ERROR;
				GCC_WARN_UNDECLARED_SELECTOR = YES;
				GCC_WARN_UNINITIALIZED_AUTOS = YES_AGGRESSIVE;
				GCC_WARN_UNUSED_FUNCTION = YES;
				GCC_WARN_UNUSED_VARIABLE = YES;
				IPHONEOS_DEPLOYMENT_TARGET = 17.5;
				LOCALIZATION_PREFERS_STRING_CATALOGS = YES;
				MTL_ENABLE_DEBUG_INFO = INCLUDE_SOURCE;
				MTL_FAST_MATH = YES;
				ONLY_ACTIVE_ARCH = YES;
				SDKROOT = iphoneos;
				SWIFT_ACTIVE_COMPILATION_CONDITIONS = "DEBUG $(inherited)";
				SWIFT_OPTIMIZATION_LEVEL = "-Onone";
			};
			name = Debug;
		};
		F8E6CFB92D427F1D00EEE39E /* Release */ = {
			isa = XCBuildConfiguration;
			buildSettings = {
				ALWAYS_SEARCH_USER_PATHS = NO;
				ASSETCATALOG_COMPILER_GENERATE_SWIFT_ASSET_SYMBOL_EXTENSIONS = YES;
				CLANG_ANALYZER_NONNULL = YES;
				CLANG_ANALYZER_NUMBER_OBJECT_CONVERSION = YES_AGGRESSIVE;
				CLANG_CXX_LANGUAGE_STANDARD = "gnu++20";
				CLANG_ENABLE_MODULES = YES;
				CLANG_ENABLE_OBJC_ARC = YES;
				CLANG_ENABLE_OBJC_WEAK = YES;
				CLANG_WARN_BLOCK_CAPTURE_AUTORELEASING = YES;
				CLANG_WARN_BOOL_CONVERSION = YES;
				CLANG_WARN_COMMA = YES;
				CLANG_WARN_CONSTANT_CONVERSION = YES;
				CLANG_WARN_DEPRECATED_OBJC_IMPLEMENTATIONS = YES;
				CLANG_WARN_DIRECT_OBJC_ISA_USAGE = YES_ERROR;
				CLANG_WARN_DOCUMENTATION_COMMENTS = YES;
				CLANG_WARN_EMPTY_BODY = YES;
				CLANG_WARN_ENUM_CONVERSION = YES;
				CLANG_WARN_INFINITE_RECURSION = YES;
				CLANG_WARN_INT_CONVERSION = YES;
				CLANG_WARN_NON_LITERAL_NULL_CONVERSION = YES;
				CLANG_WARN_OBJC_IMPLICIT_RETAIN_SELF = YES;
				CLANG_WARN_OBJC_LITERAL_CONVERSION = YES;
				CLANG_WARN_OBJC_ROOT_CLASS = YES_ERROR;
				CLANG_WARN_QUOTED_INCLUDE_IN_FRAMEWORK_HEADER = YES;
				CLANG_WARN_RANGE_LOOP_ANALYSIS = YES;
				CLANG_WARN_STRICT_PROTOTYPES = YES;
				CLANG_WARN_SUSPICIOUS_MOVE = YES;
				CLANG_WARN_UNGUARDED_AVAILABILITY = YES_AGGRESSIVE;
				CLANG_WARN_UNREACHABLE_CODE = YES;
				CLANG_WARN__DUPLICATE_METHOD_MATCH = YES;
				COPY_PHASE_STRIP = NO;
				DEBUG_INFORMATION_FORMAT = "dwarf-with-dsym";
				ENABLE_NS_ASSERTIONS = NO;
				ENABLE_STRICT_OBJC_MSGSEND = YES;
				ENABLE_USER_SCRIPT_SANDBOXING = YES;
				GCC_C_LANGUAGE_STANDARD = gnu17;
				GCC_NO_COMMON_BLOCKS = YES;
				GCC_WARN_64_TO_32_BIT_CONVERSION = YES;
				GCC_WARN_ABOUT_RETURN_TYPE = YES_ERROR;
				GCC_WARN_UNDECLARED_SELECTOR = YES;
				GCC_WARN_UNINITIALIZED_AUTOS = YES_AGGRESSIVE;
				GCC_WARN_UNUSED_FUNCTION = YES;
				GCC_WARN_UNUSED_VARIABLE = YES;
				IPHONEOS_DEPLOYMENT_TARGET = 17.5;
				LOCALIZATION_PREFERS_STRING_CATALOGS = YES;
				MTL_ENABLE_DEBUG_INFO = NO;
				MTL_FAST_MATH = YES;
				SDKROOT = iphoneos;
				SWIFT_COMPILATION_MODE = wholemodule;
				VALIDATE_PRODUCT = YES;
			};
			name = Release;
		};
		F8E6CFBB2D427F1D00EEE39E /* Debug */ = {
			isa = XCBuildConfiguration;
			buildSettings = {
				ASSETCATALOG_COMPILER_APPICON_NAME = AppIcon;
				ASSETCATALOG_COMPILER_GLOBAL_ACCENT_COLOR_NAME = AccentColor;
				ASSETCATALOG_COMPILER_INCLUDE_ALL_APPICON_ASSETS = YES;
				CODE_SIGN_STYLE = Automatic;
				CURRENT_PROJECT_VERSION = 1;
				DEVELOPMENT_ASSET_PATHS = "\"GlucoseFit/Preview Content\"";
				DEVELOPMENT_TEAM = D45JA5NNCZ;
				ENABLE_PREVIEWS = YES;
				GENERATE_INFOPLIST_FILE = YES;
				INFOPLIST_KEY_LSApplicationCategoryType = "public.app-category.healthcare-fitness";
				INFOPLIST_KEY_UIApplicationSceneManifest_Generation = YES;
				INFOPLIST_KEY_UIApplicationSupportsIndirectInputEvents = YES;
				INFOPLIST_KEY_UILaunchScreen_Generation = YES;
				INFOPLIST_KEY_UILaunchStoryboardName = "Launch Screen.storyboard";
				INFOPLIST_KEY_UISupportedInterfaceOrientations_iPad = "UIInterfaceOrientationPortrait UIInterfaceOrientationPortraitUpsideDown UIInterfaceOrientationLandscapeLeft UIInterfaceOrientationLandscapeRight";
				INFOPLIST_KEY_UISupportedInterfaceOrientations_iPhone = "UIInterfaceOrientationPortrait UIInterfaceOrientationLandscapeLeft UIInterfaceOrientationLandscapeRight";
				LD_RUNPATH_SEARCH_PATHS = (
					"$(inherited)",
					"@executable_path/Frameworks",
				);
				MARKETING_VERSION = 1.0;
				PRODUCT_BUNDLE_IDENTIFIER = com.Fit.GlucoseFit;
				PRODUCT_NAME = "$(TARGET_NAME)";
				PROVISIONING_PROFILE_SPECIFIER = "";
				SWIFT_EMIT_LOC_STRINGS = YES;
				SWIFT_VERSION = 5.0;
				TARGETED_DEVICE_FAMILY = "1,2";
			};
			name = Debug;
		};
		F8E6CFBC2D427F1D00EEE39E /* Release */ = {
			isa = XCBuildConfiguration;
			buildSettings = {
				ASSETCATALOG_COMPILER_APPICON_NAME = AppIcon;
				ASSETCATALOG_COMPILER_GLOBAL_ACCENT_COLOR_NAME = AccentColor;
				ASSETCATALOG_COMPILER_INCLUDE_ALL_APPICON_ASSETS = YES;
				CODE_SIGN_STYLE = Automatic;
				CURRENT_PROJECT_VERSION = 1;
				DEVELOPMENT_ASSET_PATHS = "\"GlucoseFit/Preview Content\"";
				DEVELOPMENT_TEAM = D45JA5NNCZ;
				ENABLE_PREVIEWS = YES;
				GENERATE_INFOPLIST_FILE = YES;
				INFOPLIST_KEY_LSApplicationCategoryType = "public.app-category.healthcare-fitness";
				INFOPLIST_KEY_UIApplicationSceneManifest_Generation = YES;
				INFOPLIST_KEY_UIApplicationSupportsIndirectInputEvents = YES;
				INFOPLIST_KEY_UILaunchScreen_Generation = YES;
				INFOPLIST_KEY_UILaunchStoryboardName = "Launch Screen.storyboard";
				INFOPLIST_KEY_UISupportedInterfaceOrientations_iPad = "UIInterfaceOrientationPortrait UIInterfaceOrientationPortraitUpsideDown UIInterfaceOrientationLandscapeLeft UIInterfaceOrientationLandscapeRight";
				INFOPLIST_KEY_UISupportedInterfaceOrientations_iPhone = "UIInterfaceOrientationPortrait UIInterfaceOrientationLandscapeLeft UIInterfaceOrientationLandscapeRight";
				LD_RUNPATH_SEARCH_PATHS = (
					"$(inherited)",
					"@executable_path/Frameworks",
				);
				MARKETING_VERSION = 1.0;
				PRODUCT_BUNDLE_IDENTIFIER = com.Fit.GlucoseFit;
				PRODUCT_NAME = "$(TARGET_NAME)";
				PROVISIONING_PROFILE_SPECIFIER = "";
				SWIFT_EMIT_LOC_STRINGS = YES;
				SWIFT_VERSION = 5.0;
				TARGETED_DEVICE_FAMILY = "1,2";
			};
			name = Release;
		};
/* End XCBuildConfiguration section */

/* Begin XCConfigurationList section */
		162E06262DADF4890011D71B /* Build configuration list for PBXNativeTarget "GlucoseFit Watch App" */ = {
			isa = XCConfigurationList;
			buildConfigurations = (
				162E06202DADF4890011D71B /* Debug */,
				162E06212DADF4890011D71B /* Release */,
			);
			defaultConfigurationIsVisible = 0;
			defaultConfigurationName = Release;
		};
		162E06272DADF4890011D71B /* Build configuration list for PBXNativeTarget "GlucoseFit Watch AppTests" */ = {
			isa = XCConfigurationList;
			buildConfigurations = (
				162E06222DADF4890011D71B /* Debug */,
				162E06232DADF4890011D71B /* Release */,
			);
			defaultConfigurationIsVisible = 0;
			defaultConfigurationName = Release;
		};
		162E06282DADF4890011D71B /* Build configuration list for PBXNativeTarget "GlucoseFit Watch AppUITests" */ = {
			isa = XCConfigurationList;
			buildConfigurations = (
				162E06242DADF4890011D71B /* Debug */,
				162E06252DADF4890011D71B /* Release */,
			);
			defaultConfigurationIsVisible = 0;
			defaultConfigurationName = Release;
		};
		F8E6CFA52D427F1B00EEE39E /* Build configuration list for PBXProject "GlucoseFit" */ = {
			isa = XCConfigurationList;
			buildConfigurations = (
				F8E6CFB82D427F1D00EEE39E /* Debug */,
				F8E6CFB92D427F1D00EEE39E /* Release */,
			);
			defaultConfigurationIsVisible = 0;
			defaultConfigurationName = Release;
		};
		F8E6CFBA2D427F1D00EEE39E /* Build configuration list for PBXNativeTarget "GlucoseFit" */ = {
			isa = XCConfigurationList;
			buildConfigurations = (
				F8E6CFBB2D427F1D00EEE39E /* Debug */,
				F8E6CFBC2D427F1D00EEE39E /* Release */,
			);
			defaultConfigurationIsVisible = 0;
			defaultConfigurationName = Release;
		};
/* End XCConfigurationList section */
	};
	rootObject = F8E6CFA22D427F1B00EEE39E /* Project object */;
}
